// !$*UTF8*$!
{
	archiveVersion = 1;
	classes = {
	};
	objectVersion = 50;
	objects = {

/* Begin PBXBuildFile section */
		0117C4AC5819CFE3CDB56CFE /* libPods-InstagramUITests.a in Frameworks */ = {isa = PBXBuildFile; fileRef = 179F9FF643E38C73953B1F2E /* libPods-InstagramUITests.a */; };
		1E1DE46F20F4140400BCA3ED /* LoginViewController.m in Sources */ = {isa = PBXBuildFile; fileRef = 1E1DE46E20F4140400BCA3ED /* LoginViewController.m */; };
		1E1DE47220F4170900BCA3ED /* HomeViewController.m in Sources */ = {isa = PBXBuildFile; fileRef = 1E1DE47120F4170900BCA3ED /* HomeViewController.m */; };
		1E1DE47520F41B2500BCA3ED /* ComposeViewController.m in Sources */ = {isa = PBXBuildFile; fileRef = 1E1DE47420F41B2500BCA3ED /* ComposeViewController.m */; };
		1E1DE47A20F4201200BCA3ED /* Post.m in Sources */ = {isa = PBXBuildFile; fileRef = 1E1DE47920F4201200BCA3ED /* Post.m */; };
		1E1DE47D20F434CA00BCA3ED /* PostCell.m in Sources */ = {isa = PBXBuildFile; fileRef = 1E1DE47C20F434CA00BCA3ED /* PostCell.m */; };
		1E590CA820F54DAD00A011DA /* ProfileViewController.m in Sources */ = {isa = PBXBuildFile; fileRef = 1E590CA720F54DAD00A011DA /* ProfileViewController.m */; };
		1E590CAB20F54EFC00A011DA /* ProfileCell.m in Sources */ = {isa = PBXBuildFile; fileRef = 1E590CAA20F54EFC00A011DA /* ProfileCell.m */; };
		1E590CAE20F55A3F00A011DA /* DetailsViewController.m in Sources */ = {isa = PBXBuildFile; fileRef = 1E590CAD20F55A3F00A011DA /* DetailsViewController.m */; };
		1E590CB420F5756D00A011DA /* EditViewController.m in Sources */ = {isa = PBXBuildFile; fileRef = 1E590CB320F5756D00A011DA /* EditViewController.m */; };
		1E9018BA20F40C840097E689 /* AppDelegate.m in Sources */ = {isa = PBXBuildFile; fileRef = 1E9018B920F40C840097E689 /* AppDelegate.m */; };
		1E9018C020F40C840097E689 /* Main.storyboard in Resources */ = {isa = PBXBuildFile; fileRef = 1E9018BE20F40C840097E689 /* Main.storyboard */; };
		1E9018C220F40C850097E689 /* Assets.xcassets in Resources */ = {isa = PBXBuildFile; fileRef = 1E9018C120F40C850097E689 /* Assets.xcassets */; };
		1E9018C520F40C850097E689 /* LaunchScreen.storyboard in Resources */ = {isa = PBXBuildFile; fileRef = 1E9018C320F40C850097E689 /* LaunchScreen.storyboard */; };
		1E9018C820F40C850097E689 /* main.m in Sources */ = {isa = PBXBuildFile; fileRef = 1E9018C720F40C850097E689 /* main.m */; };
		1E9018D220F40C850097E689 /* InstagramTests.m in Sources */ = {isa = PBXBuildFile; fileRef = 1E9018D120F40C850097E689 /* InstagramTests.m */; };
		1E9018DD20F40C850097E689 /* InstagramUITests.m in Sources */ = {isa = PBXBuildFile; fileRef = 1E9018DC20F40C850097E689 /* InstagramUITests.m */; };
		A11B7F1BFD045679CC62E595 /* libPods-InstagramTests.a in Frameworks */ = {isa = PBXBuildFile; fileRef = CAC2906C25F023541D1F8839 /* libPods-InstagramTests.a */; };
		AA32270B58DE88840A02B0C5 /* libPods-Instagram.a in Frameworks */ = {isa = PBXBuildFile; fileRef = 1ABDD9D02088FDF8F9F4FC75 /* libPods-Instagram.a */; };
/* End PBXBuildFile section */

/* Begin PBXContainerItemProxy section */
		1E9018CE20F40C850097E689 /* PBXContainerItemProxy */ = {
			isa = PBXContainerItemProxy;
			containerPortal = 1E9018AD20F40C840097E689 /* Project object */;
			proxyType = 1;
			remoteGlobalIDString = 1E9018B420F40C840097E689;
			remoteInfo = Instagram;
		};
		1E9018D920F40C850097E689 /* PBXContainerItemProxy */ = {
			isa = PBXContainerItemProxy;
			containerPortal = 1E9018AD20F40C840097E689 /* Project object */;
			proxyType = 1;
			remoteGlobalIDString = 1E9018B420F40C840097E689;
			remoteInfo = Instagram;
		};
/* End PBXContainerItemProxy section */

/* Begin PBXFileReference section */
		179F9FF643E38C73953B1F2E /* libPods-InstagramUITests.a */ = {isa = PBXFileReference; explicitFileType = archive.ar; includeInIndex = 0; path = "libPods-InstagramUITests.a"; sourceTree = BUILT_PRODUCTS_DIR; };
		1ABDD9D02088FDF8F9F4FC75 /* libPods-Instagram.a */ = {isa = PBXFileReference; explicitFileType = archive.ar; includeInIndex = 0; path = "libPods-Instagram.a"; sourceTree = BUILT_PRODUCTS_DIR; };
		1C3656E4F01B497871715BCF /* Pods-Instagram.release.xcconfig */ = {isa = PBXFileReference; includeInIndex = 1; lastKnownFileType = text.xcconfig; name = "Pods-Instagram.release.xcconfig"; path = "Pods/Target Support Files/Pods-Instagram/Pods-Instagram.release.xcconfig"; sourceTree = "<group>"; };
		1E1DE46D20F4140400BCA3ED /* LoginViewController.h */ = {isa = PBXFileReference; lastKnownFileType = sourcecode.c.h; path = LoginViewController.h; sourceTree = "<group>"; };
		1E1DE46E20F4140400BCA3ED /* LoginViewController.m */ = {isa = PBXFileReference; lastKnownFileType = sourcecode.c.objc; path = LoginViewController.m; sourceTree = "<group>"; };
		1E1DE47020F4170900BCA3ED /* HomeViewController.h */ = {isa = PBXFileReference; lastKnownFileType = sourcecode.c.h; path = HomeViewController.h; sourceTree = "<group>"; };
		1E1DE47120F4170900BCA3ED /* HomeViewController.m */ = {isa = PBXFileReference; lastKnownFileType = sourcecode.c.objc; path = HomeViewController.m; sourceTree = "<group>"; };
		1E1DE47320F41B2500BCA3ED /* ComposeViewController.h */ = {isa = PBXFileReference; lastKnownFileType = sourcecode.c.h; path = ComposeViewController.h; sourceTree = "<group>"; };
		1E1DE47420F41B2500BCA3ED /* ComposeViewController.m */ = {isa = PBXFileReference; lastKnownFileType = sourcecode.c.objc; path = ComposeViewController.m; sourceTree = "<group>"; };
		1E1DE47820F4201200BCA3ED /* Post.h */ = {isa = PBXFileReference; lastKnownFileType = sourcecode.c.h; path = Post.h; sourceTree = "<group>"; };
		1E1DE47920F4201200BCA3ED /* Post.m */ = {isa = PBXFileReference; lastKnownFileType = sourcecode.c.objc; path = Post.m; sourceTree = "<group>"; };
		1E1DE47B20F434CA00BCA3ED /* PostCell.h */ = {isa = PBXFileReference; lastKnownFileType = sourcecode.c.h; path = PostCell.h; sourceTree = "<group>"; };
		1E1DE47C20F434CA00BCA3ED /* PostCell.m */ = {isa = PBXFileReference; lastKnownFileType = sourcecode.c.objc; path = PostCell.m; sourceTree = "<group>"; };
		1E590CA620F54DAD00A011DA /* ProfileViewController.h */ = {isa = PBXFileReference; lastKnownFileType = sourcecode.c.h; path = ProfileViewController.h; sourceTree = "<group>"; };
		1E590CA720F54DAD00A011DA /* ProfileViewController.m */ = {isa = PBXFileReference; lastKnownFileType = sourcecode.c.objc; path = ProfileViewController.m; sourceTree = "<group>"; };
		1E590CA920F54EFC00A011DA /* ProfileCell.h */ = {isa = PBXFileReference; lastKnownFileType = sourcecode.c.h; path = ProfileCell.h; sourceTree = "<group>"; };
		1E590CAA20F54EFC00A011DA /* ProfileCell.m */ = {isa = PBXFileReference; lastKnownFileType = sourcecode.c.objc; path = ProfileCell.m; sourceTree = "<group>"; };
		1E590CAC20F55A3F00A011DA /* DetailsViewController.h */ = {isa = PBXFileReference; lastKnownFileType = sourcecode.c.h; path = DetailsViewController.h; sourceTree = "<group>"; };
		1E590CAD20F55A3F00A011DA /* DetailsViewController.m */ = {isa = PBXFileReference; lastKnownFileType = sourcecode.c.objc; path = DetailsViewController.m; sourceTree = "<group>"; };
		1E590CB220F5756D00A011DA /* EditViewController.h */ = {isa = PBXFileReference; lastKnownFileType = sourcecode.c.h; path = EditViewController.h; sourceTree = "<group>"; };
		1E590CB320F5756D00A011DA /* EditViewController.m */ = {isa = PBXFileReference; lastKnownFileType = sourcecode.c.objc; path = EditViewController.m; sourceTree = "<group>"; };
		1E9018B520F40C840097E689 /* Instagram.app */ = {isa = PBXFileReference; explicitFileType = wrapper.application; includeInIndex = 0; path = Instagram.app; sourceTree = BUILT_PRODUCTS_DIR; };
		1E9018B820F40C840097E689 /* AppDelegate.h */ = {isa = PBXFileReference; lastKnownFileType = sourcecode.c.h; path = AppDelegate.h; sourceTree = "<group>"; };
		1E9018B920F40C840097E689 /* AppDelegate.m */ = {isa = PBXFileReference; lastKnownFileType = sourcecode.c.objc; path = AppDelegate.m; sourceTree = "<group>"; };
		1E9018BF20F40C840097E689 /* Base */ = {isa = PBXFileReference; lastKnownFileType = file.storyboard; name = Base; path = Base.lproj/Main.storyboard; sourceTree = "<group>"; };
		1E9018C120F40C850097E689 /* Assets.xcassets */ = {isa = PBXFileReference; lastKnownFileType = folder.assetcatalog; path = Assets.xcassets; sourceTree = "<group>"; };
		1E9018C420F40C850097E689 /* Base */ = {isa = PBXFileReference; lastKnownFileType = file.storyboard; name = Base; path = Base.lproj/LaunchScreen.storyboard; sourceTree = "<group>"; };
		1E9018C620F40C850097E689 /* Info.plist */ = {isa = PBXFileReference; lastKnownFileType = text.plist.xml; path = Info.plist; sourceTree = "<group>"; };
		1E9018C720F40C850097E689 /* main.m */ = {isa = PBXFileReference; lastKnownFileType = sourcecode.c.objc; path = main.m; sourceTree = "<group>"; };
		1E9018CD20F40C850097E689 /* InstagramTests.xctest */ = {isa = PBXFileReference; explicitFileType = wrapper.cfbundle; includeInIndex = 0; path = InstagramTests.xctest; sourceTree = BUILT_PRODUCTS_DIR; };
		1E9018D120F40C850097E689 /* InstagramTests.m */ = {isa = PBXFileReference; lastKnownFileType = sourcecode.c.objc; path = InstagramTests.m; sourceTree = "<group>"; };
		1E9018D320F40C850097E689 /* Info.plist */ = {isa = PBXFileReference; lastKnownFileType = text.plist.xml; path = Info.plist; sourceTree = "<group>"; };
		1E9018D820F40C850097E689 /* InstagramUITests.xctest */ = {isa = PBXFileReference; explicitFileType = wrapper.cfbundle; includeInIndex = 0; path = InstagramUITests.xctest; sourceTree = BUILT_PRODUCTS_DIR; };
		1E9018DC20F40C850097E689 /* InstagramUITests.m */ = {isa = PBXFileReference; lastKnownFileType = sourcecode.c.objc; path = InstagramUITests.m; sourceTree = "<group>"; };
		1E9018DE20F40C850097E689 /* Info.plist */ = {isa = PBXFileReference; lastKnownFileType = text.plist.xml; path = Info.plist; sourceTree = "<group>"; };
		737A7A45753C84025C5565C0 /* Pods-InstagramTests.release.xcconfig */ = {isa = PBXFileReference; includeInIndex = 1; lastKnownFileType = text.xcconfig; name = "Pods-InstagramTests.release.xcconfig"; path = "Pods/Target Support Files/Pods-InstagramTests/Pods-InstagramTests.release.xcconfig"; sourceTree = "<group>"; };
		7D975CA3E960D541AA2E2857 /* Pods-InstagramTests.debug.xcconfig */ = {isa = PBXFileReference; includeInIndex = 1; lastKnownFileType = text.xcconfig; name = "Pods-InstagramTests.debug.xcconfig"; path = "Pods/Target Support Files/Pods-InstagramTests/Pods-InstagramTests.debug.xcconfig"; sourceTree = "<group>"; };
		9414108F045A8B811A5D363B /* Pods-InstagramUITests.debug.xcconfig */ = {isa = PBXFileReference; includeInIndex = 1; lastKnownFileType = text.xcconfig; name = "Pods-InstagramUITests.debug.xcconfig"; path = "Pods/Target Support Files/Pods-InstagramUITests/Pods-InstagramUITests.debug.xcconfig"; sourceTree = "<group>"; };
		CAC2906C25F023541D1F8839 /* libPods-InstagramTests.a */ = {isa = PBXFileReference; explicitFileType = archive.ar; includeInIndex = 0; path = "libPods-InstagramTests.a"; sourceTree = BUILT_PRODUCTS_DIR; };
		D59378D0FEC78066D3A0C4FB /* Pods-Instagram.debug.xcconfig */ = {isa = PBXFileReference; includeInIndex = 1; lastKnownFileType = text.xcconfig; name = "Pods-Instagram.debug.xcconfig"; path = "Pods/Target Support Files/Pods-Instagram/Pods-Instagram.debug.xcconfig"; sourceTree = "<group>"; };
		F20FABE46A9FCFC4973A3A80 /* Pods-InstagramUITests.release.xcconfig */ = {isa = PBXFileReference; includeInIndex = 1; lastKnownFileType = text.xcconfig; name = "Pods-InstagramUITests.release.xcconfig"; path = "Pods/Target Support Files/Pods-InstagramUITests/Pods-InstagramUITests.release.xcconfig"; sourceTree = "<group>"; };
/* End PBXFileReference section */

/* Begin PBXFrameworksBuildPhase section */
		1E9018B220F40C840097E689 /* Frameworks */ = {
			isa = PBXFrameworksBuildPhase;
			buildActionMask = 2147483647;
			files = (
				AA32270B58DE88840A02B0C5 /* libPods-Instagram.a in Frameworks */,
			);
			runOnlyForDeploymentPostprocessing = 0;
		};
		1E9018CA20F40C850097E689 /* Frameworks */ = {
			isa = PBXFrameworksBuildPhase;
			buildActionMask = 2147483647;
			files = (
				A11B7F1BFD045679CC62E595 /* libPods-InstagramTests.a in Frameworks */,
			);
			runOnlyForDeploymentPostprocessing = 0;
		};
		1E9018D520F40C850097E689 /* Frameworks */ = {
			isa = PBXFrameworksBuildPhase;
			buildActionMask = 2147483647;
			files = (
				0117C4AC5819CFE3CDB56CFE /* libPods-InstagramUITests.a in Frameworks */,
			);
			runOnlyForDeploymentPostprocessing = 0;
		};
/* End PBXFrameworksBuildPhase section */

/* Begin PBXGroup section */
		1E1DE47620F41FEB00BCA3ED /* View Controllers */ = {
			isa = PBXGroup;
			children = (
				1E1DE46D20F4140400BCA3ED /* LoginViewController.h */,
				1E1DE46E20F4140400BCA3ED /* LoginViewController.m */,
				1E1DE47020F4170900BCA3ED /* HomeViewController.h */,
				1E1DE47120F4170900BCA3ED /* HomeViewController.m */,
				1E1DE47320F41B2500BCA3ED /* ComposeViewController.h */,
				1E1DE47420F41B2500BCA3ED /* ComposeViewController.m */,
				1E590CA620F54DAD00A011DA /* ProfileViewController.h */,
				1E590CA720F54DAD00A011DA /* ProfileViewController.m */,
				1E590CAC20F55A3F00A011DA /* DetailsViewController.h */,
				1E590CAD20F55A3F00A011DA /* DetailsViewController.m */,
				1E590CB220F5756D00A011DA /* EditViewController.h */,
				1E590CB320F5756D00A011DA /* EditViewController.m */,
			);
			path = "View Controllers";
			sourceTree = "<group>";
		};
		1E1DE47720F4200300BCA3ED /* Models */ = {
			isa = PBXGroup;
			children = (
				1E1DE47820F4201200BCA3ED /* Post.h */,
				1E1DE47920F4201200BCA3ED /* Post.m */,
				1E1DE47B20F434CA00BCA3ED /* PostCell.h */,
				1E1DE47C20F434CA00BCA3ED /* PostCell.m */,
				1E590CA920F54EFC00A011DA /* ProfileCell.h */,
				1E590CAA20F54EFC00A011DA /* ProfileCell.m */,
			);
			path = Models;
			sourceTree = "<group>";
		};
		1E9018AC20F40C840097E689 = {
			isa = PBXGroup;
			children = (
				1E9018B720F40C840097E689 /* Instagram */,
				1E9018D020F40C850097E689 /* InstagramTests */,
				1E9018DB20F40C850097E689 /* InstagramUITests */,
				1E9018B620F40C840097E689 /* Products */,
				D7262E68BA682367B55DBA00 /* Pods */,
				633FD4BB262F10C39516ED9A /* Frameworks */,
			);
			sourceTree = "<group>";
		};
		1E9018B620F40C840097E689 /* Products */ = {
			isa = PBXGroup;
			children = (
				1E9018B520F40C840097E689 /* Instagram.app */,
				1E9018CD20F40C850097E689 /* InstagramTests.xctest */,
				1E9018D820F40C850097E689 /* InstagramUITests.xctest */,
			);
			name = Products;
			sourceTree = "<group>";
		};
		1E9018B720F40C840097E689 /* Instagram */ = {
			isa = PBXGroup;
			children = (
				1E1DE47720F4200300BCA3ED /* Models */,
				1E1DE47620F41FEB00BCA3ED /* View Controllers */,
				1E9018B820F40C840097E689 /* AppDelegate.h */,
				1E9018B920F40C840097E689 /* AppDelegate.m */,
				1E9018BE20F40C840097E689 /* Main.storyboard */,
				1E9018C120F40C850097E689 /* Assets.xcassets */,
				1E9018C320F40C850097E689 /* LaunchScreen.storyboard */,
				1E9018C620F40C850097E689 /* Info.plist */,
				1E9018C720F40C850097E689 /* main.m */,
			);
			path = Instagram;
			sourceTree = "<group>";
		};
		1E9018D020F40C850097E689 /* InstagramTests */ = {
			isa = PBXGroup;
			children = (
				1E9018D120F40C850097E689 /* InstagramTests.m */,
				1E9018D320F40C850097E689 /* Info.plist */,
			);
			path = InstagramTests;
			sourceTree = "<group>";
		};
		1E9018DB20F40C850097E689 /* InstagramUITests */ = {
			isa = PBXGroup;
			children = (
				1E9018DC20F40C850097E689 /* InstagramUITests.m */,
				1E9018DE20F40C850097E689 /* Info.plist */,
			);
			path = InstagramUITests;
			sourceTree = "<group>";
		};
		633FD4BB262F10C39516ED9A /* Frameworks */ = {
			isa = PBXGroup;
			children = (
				1ABDD9D02088FDF8F9F4FC75 /* libPods-Instagram.a */,
				CAC2906C25F023541D1F8839 /* libPods-InstagramTests.a */,
				179F9FF643E38C73953B1F2E /* libPods-InstagramUITests.a */,
			);
			name = Frameworks;
			sourceTree = "<group>";
		};
		D7262E68BA682367B55DBA00 /* Pods */ = {
			isa = PBXGroup;
			children = (
				D59378D0FEC78066D3A0C4FB /* Pods-Instagram.debug.xcconfig */,
				1C3656E4F01B497871715BCF /* Pods-Instagram.release.xcconfig */,
				7D975CA3E960D541AA2E2857 /* Pods-InstagramTests.debug.xcconfig */,
				737A7A45753C84025C5565C0 /* Pods-InstagramTests.release.xcconfig */,
				9414108F045A8B811A5D363B /* Pods-InstagramUITests.debug.xcconfig */,
				F20FABE46A9FCFC4973A3A80 /* Pods-InstagramUITests.release.xcconfig */,
			);
			name = Pods;
			sourceTree = "<group>";
		};
/* End PBXGroup section */

/* Begin PBXNativeTarget section */
		1E9018B420F40C840097E689 /* Instagram */ = {
			isa = PBXNativeTarget;
			buildConfigurationList = 1E9018E120F40C850097E689 /* Build configuration list for PBXNativeTarget "Instagram" */;
			buildPhases = (
				7E34B6404DF53A4FB637DB56 /* [CP] Check Pods Manifest.lock */,
				1E9018B120F40C840097E689 /* Sources */,
				1E9018B220F40C840097E689 /* Frameworks */,
				1E9018B320F40C840097E689 /* Resources */,
				4D37B21CF014ACA0A5C62F5F /* [CP] Copy Pods Resources */,
			);
			buildRules = (
			);
			dependencies = (
			);
			name = Instagram;
			productName = Instagram;
			productReference = 1E9018B520F40C840097E689 /* Instagram.app */;
			productType = "com.apple.product-type.application";
		};
		1E9018CC20F40C850097E689 /* InstagramTests */ = {
			isa = PBXNativeTarget;
			buildConfigurationList = 1E9018E420F40C850097E689 /* Build configuration list for PBXNativeTarget "InstagramTests" */;
			buildPhases = (
				6245BC62A1052B874CADEA10 /* [CP] Check Pods Manifest.lock */,
				1E9018C920F40C850097E689 /* Sources */,
				1E9018CA20F40C850097E689 /* Frameworks */,
				1E9018CB20F40C850097E689 /* Resources */,
			);
			buildRules = (
			);
			dependencies = (
				1E9018CF20F40C850097E689 /* PBXTargetDependency */,
			);
			name = InstagramTests;
			productName = InstagramTests;
			productReference = 1E9018CD20F40C850097E689 /* InstagramTests.xctest */;
			productType = "com.apple.product-type.bundle.unit-test";
		};
		1E9018D720F40C850097E689 /* InstagramUITests */ = {
			isa = PBXNativeTarget;
			buildConfigurationList = 1E9018E720F40C850097E689 /* Build configuration list for PBXNativeTarget "InstagramUITests" */;
			buildPhases = (
				B8E36B80CD42A30ED482189D /* [CP] Check Pods Manifest.lock */,
				1E9018D420F40C850097E689 /* Sources */,
				1E9018D520F40C850097E689 /* Frameworks */,
				1E9018D620F40C850097E689 /* Resources */,
			);
			buildRules = (
			);
			dependencies = (
				1E9018DA20F40C850097E689 /* PBXTargetDependency */,
			);
			name = InstagramUITests;
			productName = InstagramUITests;
			productReference = 1E9018D820F40C850097E689 /* InstagramUITests.xctest */;
			productType = "com.apple.product-type.bundle.ui-testing";
		};
/* End PBXNativeTarget section */

/* Begin PBXProject section */
		1E9018AD20F40C840097E689 /* Project object */ = {
			isa = PBXProject;
			attributes = {
				LastUpgradeCheck = 0940;
				ORGANIZATIONNAME = "Alice Park";
				TargetAttributes = {
					1E9018B420F40C840097E689 = {
						CreatedOnToolsVersion = 9.4.1;
					};
					1E9018CC20F40C850097E689 = {
						CreatedOnToolsVersion = 9.4.1;
						TestTargetID = 1E9018B420F40C840097E689;
					};
					1E9018D720F40C850097E689 = {
						CreatedOnToolsVersion = 9.4.1;
						TestTargetID = 1E9018B420F40C840097E689;
					};
				};
			};
			buildConfigurationList = 1E9018B020F40C840097E689 /* Build configuration list for PBXProject "Instagram" */;
			compatibilityVersion = "Xcode 9.3";
			developmentRegion = en;
			hasScannedForEncodings = 0;
			knownRegions = (
				en,
				Base,
			);
			mainGroup = 1E9018AC20F40C840097E689;
			productRefGroup = 1E9018B620F40C840097E689 /* Products */;
			projectDirPath = "";
			projectRoot = "";
			targets = (
				1E9018B420F40C840097E689 /* Instagram */,
				1E9018CC20F40C850097E689 /* InstagramTests */,
				1E9018D720F40C850097E689 /* InstagramUITests */,
			);
		};
/* End PBXProject section */

/* Begin PBXResourcesBuildPhase section */
		1E9018B320F40C840097E689 /* Resources */ = {
			isa = PBXResourcesBuildPhase;
			buildActionMask = 2147483647;
			files = (
				1E9018C520F40C850097E689 /* LaunchScreen.storyboard in Resources */,
				1E9018C220F40C850097E689 /* Assets.xcassets in Resources */,
				1E9018C020F40C840097E689 /* Main.storyboard in Resources */,
			);
			runOnlyForDeploymentPostprocessing = 0;
		};
		1E9018CB20F40C850097E689 /* Resources */ = {
			isa = PBXResourcesBuildPhase;
			buildActionMask = 2147483647;
			files = (
			);
			runOnlyForDeploymentPostprocessing = 0;
		};
		1E9018D620F40C850097E689 /* Resources */ = {
			isa = PBXResourcesBuildPhase;
			buildActionMask = 2147483647;
			files = (
			);
			runOnlyForDeploymentPostprocessing = 0;
		};
/* End PBXResourcesBuildPhase section */

/* Begin PBXShellScriptBuildPhase section */
		4D37B21CF014ACA0A5C62F5F /* [CP] Copy Pods Resources */ = {
			isa = PBXShellScriptBuildPhase;
			buildActionMask = 2147483647;
			files = (
			);
			inputPaths = (
				"${SRCROOT}/Pods/Target Support Files/Pods-Instagram/Pods-Instagram-resources.sh",
				"${PODS_CONFIGURATION_BUILD_DIR}/Parse/Parse.bundle",
				"${PODS_ROOT}/ParseUI/ParseUI/Resources/Localization/en.lproj",
				"${PODS_ROOT}/ParseUI/ParseUI/Resources/Localization/fr.lproj",
				"${PODS_ROOT}/ParseUI/ParseUI/Resources/Localization/pt-BR.lproj",
			);
			name = "[CP] Copy Pods Resources";
			outputPaths = (
				"${TARGET_BUILD_DIR}/${UNLOCALIZED_RESOURCES_FOLDER_PATH}/Parse.bundle",
				"${TARGET_BUILD_DIR}/${UNLOCALIZED_RESOURCES_FOLDER_PATH}/en.lproj",
				"${TARGET_BUILD_DIR}/${UNLOCALIZED_RESOURCES_FOLDER_PATH}/fr.lproj",
				"${TARGET_BUILD_DIR}/${UNLOCALIZED_RESOURCES_FOLDER_PATH}/pt-BR.lproj",
			);
			runOnlyForDeploymentPostprocessing = 0;
			shellPath = /bin/sh;
			shellScript = "\"${SRCROOT}/Pods/Target Support Files/Pods-Instagram/Pods-Instagram-resources.sh\"\n";
			showEnvVarsInLog = 0;
		};
		6245BC62A1052B874CADEA10 /* [CP] Check Pods Manifest.lock */ = {
			isa = PBXShellScriptBuildPhase;
			buildActionMask = 2147483647;
			files = (
			);
			inputPaths = (
				"${PODS_PODFILE_DIR_PATH}/Podfile.lock",
				"${PODS_ROOT}/Manifest.lock",
			);
			name = "[CP] Check Pods Manifest.lock";
			outputPaths = (
				"$(DERIVED_FILE_DIR)/Pods-InstagramTests-checkManifestLockResult.txt",
			);
			runOnlyForDeploymentPostprocessing = 0;
			shellPath = /bin/sh;
			shellScript = "diff \"${PODS_PODFILE_DIR_PATH}/Podfile.lock\" \"${PODS_ROOT}/Manifest.lock\" > /dev/null\nif [ $? != 0 ] ; then\n    # print error to STDERR\n    echo \"error: The sandbox is not in sync with the Podfile.lock. Run 'pod install' or update your CocoaPods installation.\" >&2\n    exit 1\nfi\n# This output is used by Xcode 'outputs' to avoid re-running this script phase.\necho \"SUCCESS\" > \"${SCRIPT_OUTPUT_FILE_0}\"\n";
			showEnvVarsInLog = 0;
		};
		7E34B6404DF53A4FB637DB56 /* [CP] Check Pods Manifest.lock */ = {
			isa = PBXShellScriptBuildPhase;
			buildActionMask = 2147483647;
			files = (
			);
			inputPaths = (
				"${PODS_PODFILE_DIR_PATH}/Podfile.lock",
				"${PODS_ROOT}/Manifest.lock",
			);
			name = "[CP] Check Pods Manifest.lock";
			outputPaths = (
				"$(DERIVED_FILE_DIR)/Pods-Instagram-checkManifestLockResult.txt",
			);
			runOnlyForDeploymentPostprocessing = 0;
			shellPath = /bin/sh;
			shellScript = "diff \"${PODS_PODFILE_DIR_PATH}/Podfile.lock\" \"${PODS_ROOT}/Manifest.lock\" > /dev/null\nif [ $? != 0 ] ; then\n    # print error to STDERR\n    echo \"error: The sandbox is not in sync with the Podfile.lock. Run 'pod install' or update your CocoaPods installation.\" >&2\n    exit 1\nfi\n# This output is used by Xcode 'outputs' to avoid re-running this script phase.\necho \"SUCCESS\" > \"${SCRIPT_OUTPUT_FILE_0}\"\n";
			showEnvVarsInLog = 0;
		};
		B8E36B80CD42A30ED482189D /* [CP] Check Pods Manifest.lock */ = {
			isa = PBXShellScriptBuildPhase;
			buildActionMask = 2147483647;
			files = (
			);
			inputPaths = (
				"${PODS_PODFILE_DIR_PATH}/Podfile.lock",
				"${PODS_ROOT}/Manifest.lock",
			);
			name = "[CP] Check Pods Manifest.lock";
			outputPaths = (
				"$(DERIVED_FILE_DIR)/Pods-InstagramUITests-checkManifestLockResult.txt",
			);
			runOnlyForDeploymentPostprocessing = 0;
			shellPath = /bin/sh;
			shellScript = "diff \"${PODS_PODFILE_DIR_PATH}/Podfile.lock\" \"${PODS_ROOT}/Manifest.lock\" > /dev/null\nif [ $? != 0 ] ; then\n    # print error to STDERR\n    echo \"error: The sandbox is not in sync with the Podfile.lock. Run 'pod install' or update your CocoaPods installation.\" >&2\n    exit 1\nfi\n# This output is used by Xcode 'outputs' to avoid re-running this script phase.\necho \"SUCCESS\" > \"${SCRIPT_OUTPUT_FILE_0}\"\n";
			showEnvVarsInLog = 0;
		};
/* End PBXShellScriptBuildPhase section */

/* Begin PBXSourcesBuildPhase section */
		1E9018B120F40C840097E689 /* Sources */ = {
			isa = PBXSourcesBuildPhase;
			buildActionMask = 2147483647;
			files = (
				1E9018C820F40C850097E689 /* main.m in Sources */,
				1E590CAE20F55A3F00A011DA /* DetailsViewController.m in Sources */,
				1E590CAB20F54EFC00A011DA /* ProfileCell.m in Sources */,
				1E1DE47A20F4201200BCA3ED /* Post.m in Sources */,
				1E590CA820F54DAD00A011DA /* ProfileViewController.m in Sources */,
				1E9018BA20F40C840097E689 /* AppDelegate.m in Sources */,
				1E1DE46F20F4140400BCA3ED /* LoginViewController.m in Sources */,
				1E1DE47D20F434CA00BCA3ED /* PostCell.m in Sources */,
				1E590CB420F5756D00A011DA /* EditViewController.m in Sources */,
				1E1DE47520F41B2500BCA3ED /* ComposeViewController.m in Sources */,
				1E1DE47220F4170900BCA3ED /* HomeViewController.m in Sources */,
			);
			runOnlyForDeploymentPostprocessing = 0;
		};
		1E9018C920F40C850097E689 /* Sources */ = {
			isa = PBXSourcesBuildPhase;
			buildActionMask = 2147483647;
			files = (
				1E9018D220F40C850097E689 /* InstagramTests.m in Sources */,
			);
			runOnlyForDeploymentPostprocessing = 0;
		};
		1E9018D420F40C850097E689 /* Sources */ = {
			isa = PBXSourcesBuildPhase;
			buildActionMask = 2147483647;
			files = (
				1E9018DD20F40C850097E689 /* InstagramUITests.m in Sources */,
			);
			runOnlyForDeploymentPostprocessing = 0;
		};
/* End PBXSourcesBuildPhase section */

/* Begin PBXTargetDependency section */
		1E9018CF20F40C850097E689 /* PBXTargetDependency */ = {
			isa = PBXTargetDependency;
			target = 1E9018B420F40C840097E689 /* Instagram */;
			targetProxy = 1E9018CE20F40C850097E689 /* PBXContainerItemProxy */;
		};
		1E9018DA20F40C850097E689 /* PBXTargetDependency */ = {
			isa = PBXTargetDependency;
			target = 1E9018B420F40C840097E689 /* Instagram */;
			targetProxy = 1E9018D920F40C850097E689 /* PBXContainerItemProxy */;
		};
/* End PBXTargetDependency section */

/* Begin PBXVariantGroup section */
		1E9018BE20F40C840097E689 /* Main.storyboard */ = {
			isa = PBXVariantGroup;
			children = (
				1E9018BF20F40C840097E689 /* Base */,
			);
			name = Main.storyboard;
			sourceTree = "<group>";
		};
		1E9018C320F40C850097E689 /* LaunchScreen.storyboard */ = {
			isa = PBXVariantGroup;
			children = (
				1E9018C420F40C850097E689 /* Base */,
			);
			name = LaunchScreen.storyboard;
			sourceTree = "<group>";
		};
/* End PBXVariantGroup section */

/* Begin XCBuildConfiguration section */
		1E9018DF20F40C850097E689 /* Debug */ = {
			isa = XCBuildConfiguration;
			buildSettings = {
				ALWAYS_SEARCH_USER_PATHS = NO;
				CLANG_ANALYZER_NONNULL = YES;
				CLANG_ANALYZER_NUMBER_OBJECT_CONVERSION = YES_AGGRESSIVE;
				CLANG_CXX_LANGUAGE_STANDARD = "gnu++14";
				CLANG_CXX_LIBRARY = "libc++";
				CLANG_ENABLE_MODULES = YES;
				CLANG_ENABLE_OBJC_ARC = YES;
				CLANG_ENABLE_OBJC_WEAK = YES;
				CLANG_WARN_BLOCK_CAPTURE_AUTORELEASING = YES;
				CLANG_WARN_BOOL_CONVERSION = YES;
				CLANG_WARN_COMMA = YES;
				CLANG_WARN_CONSTANT_CONVERSION = YES;
				CLANG_WARN_DEPRECATED_OBJC_IMPLEMENTATIONS = YES;
				CLANG_WARN_DIRECT_OBJC_ISA_USAGE = YES_ERROR;
				CLANG_WARN_DOCUMENTATION_COMMENTS = YES;
				CLANG_WARN_EMPTY_BODY = YES;
				CLANG_WARN_ENUM_CONVERSION = YES;
				CLANG_WARN_INFINITE_RECURSION = YES;
				CLANG_WARN_INT_CONVERSION = YES;
				CLANG_WARN_NON_LITERAL_NULL_CONVERSION = YES;
				CLANG_WARN_OBJC_IMPLICIT_RETAIN_SELF = YES;
				CLANG_WARN_OBJC_LITERAL_CONVERSION = YES;
				CLANG_WARN_OBJC_ROOT_CLASS = YES_ERROR;
				CLANG_WARN_RANGE_LOOP_ANALYSIS = YES;
				CLANG_WARN_STRICT_PROTOTYPES = YES;
				CLANG_WARN_SUSPICIOUS_MOVE = YES;
				CLANG_WARN_UNGUARDED_AVAILABILITY = YES_AGGRESSIVE;
				CLANG_WARN_UNREACHABLE_CODE = YES;
				CLANG_WARN__DUPLICATE_METHOD_MATCH = YES;
				CODE_SIGN_IDENTITY = "iPhone Developer";
				COPY_PHASE_STRIP = NO;
				DEBUG_INFORMATION_FORMAT = dwarf;
				ENABLE_STRICT_OBJC_MSGSEND = YES;
				ENABLE_TESTABILITY = YES;
				GCC_C_LANGUAGE_STANDARD = gnu11;
				GCC_DYNAMIC_NO_PIC = NO;
				GCC_NO_COMMON_BLOCKS = YES;
				GCC_OPTIMIZATION_LEVEL = 0;
				GCC_PREPROCESSOR_DEFINITIONS = (
					"DEBUG=1",
					"$(inherited)",
				);
				GCC_WARN_64_TO_32_BIT_CONVERSION = YES;
				GCC_WARN_ABOUT_RETURN_TYPE = YES_ERROR;
				GCC_WARN_UNDECLARED_SELECTOR = YES;
				GCC_WARN_UNINITIALIZED_AUTOS = YES_AGGRESSIVE;
				GCC_WARN_UNUSED_FUNCTION = YES;
				GCC_WARN_UNUSED_VARIABLE = YES;
				IPHONEOS_DEPLOYMENT_TARGET = 11.4;
				MTL_ENABLE_DEBUG_INFO = YES;
				ONLY_ACTIVE_ARCH = YES;
				SDKROOT = iphoneos;
			};
			name = Debug;
		};
		1E9018E020F40C850097E689 /* Release */ = {
			isa = XCBuildConfiguration;
			buildSettings = {
				ALWAYS_SEARCH_USER_PATHS = NO;
				CLANG_ANALYZER_NONNULL = YES;
				CLANG_ANALYZER_NUMBER_OBJECT_CONVERSION = YES_AGGRESSIVE;
				CLANG_CXX_LANGUAGE_STANDARD = "gnu++14";
				CLANG_CXX_LIBRARY = "libc++";
				CLANG_ENABLE_MODULES = YES;
				CLANG_ENABLE_OBJC_ARC = YES;
				CLANG_ENABLE_OBJC_WEAK = YES;
				CLANG_WARN_BLOCK_CAPTURE_AUTORELEASING = YES;
				CLANG_WARN_BOOL_CONVERSION = YES;
				CLANG_WARN_COMMA = YES;
				CLANG_WARN_CONSTANT_CONVERSION = YES;
				CLANG_WARN_DEPRECATED_OBJC_IMPLEMENTATIONS = YES;
				CLANG_WARN_DIRECT_OBJC_ISA_USAGE = YES_ERROR;
				CLANG_WARN_DOCUMENTATION_COMMENTS = YES;
				CLANG_WARN_EMPTY_BODY = YES;
				CLANG_WARN_ENUM_CONVERSION = YES;
				CLANG_WARN_INFINITE_RECURSION = YES;
				CLANG_WARN_INT_CONVERSION = YES;
				CLANG_WARN_NON_LITERAL_NULL_CONVERSION = YES;
				CLANG_WARN_OBJC_IMPLICIT_RETAIN_SELF = YES;
				CLANG_WARN_OBJC_LITERAL_CONVERSION = YES;
				CLANG_WARN_OBJC_ROOT_CLASS = YES_ERROR;
				CLANG_WARN_RANGE_LOOP_ANALYSIS = YES;
				CLANG_WARN_STRICT_PROTOTYPES = YES;
				CLANG_WARN_SUSPICIOUS_MOVE = YES;
				CLANG_WARN_UNGUARDED_AVAILABILITY = YES_AGGRESSIVE;
				CLANG_WARN_UNREACHABLE_CODE = YES;
				CLANG_WARN__DUPLICATE_METHOD_MATCH = YES;
				CODE_SIGN_IDENTITY = "iPhone Developer";
				COPY_PHASE_STRIP = NO;
				DEBUG_INFORMATION_FORMAT = "dwarf-with-dsym";
				ENABLE_NS_ASSERTIONS = NO;
				ENABLE_STRICT_OBJC_MSGSEND = YES;
				GCC_C_LANGUAGE_STANDARD = gnu11;
				GCC_NO_COMMON_BLOCKS = YES;
				GCC_WARN_64_TO_32_BIT_CONVERSION = YES;
				GCC_WARN_ABOUT_RETURN_TYPE = YES_ERROR;
				GCC_WARN_UNDECLARED_SELECTOR = YES;
				GCC_WARN_UNINITIALIZED_AUTOS = YES_AGGRESSIVE;
				GCC_WARN_UNUSED_FUNCTION = YES;
				GCC_WARN_UNUSED_VARIABLE = YES;
				IPHONEOS_DEPLOYMENT_TARGET = 11.4;
				MTL_ENABLE_DEBUG_INFO = NO;
				SDKROOT = iphoneos;
				VALIDATE_PRODUCT = YES;
			};
			name = Release;
		};
		1E9018E220F40C850097E689 /* Debug */ = {
			isa = XCBuildConfiguration;
			baseConfigurationReference = D59378D0FEC78066D3A0C4FB /* Pods-Instagram.debug.xcconfig */;
			buildSettings = {
				ASSETCATALOG_COMPILER_APPICON_NAME = AppIcon;
				CODE_SIGN_STYLE = Automatic;
				DEVELOPMENT_TEAM = 786NDH46LQ;
				INFOPLIST_FILE = Instagram/Info.plist;
				LD_RUNPATH_SEARCH_PATHS = (
					"$(inherited)",
					"@executable_path/Frameworks",
				);
				PRODUCT_BUNDLE_IDENTIFIER = com.alice.myInstagram;
				PRODUCT_NAME = "$(TARGET_NAME)";
				TARGETED_DEVICE_FAMILY = "1,2";
			};
			name = Debug;
		};
		1E9018E320F40C850097E689 /* Release */ = {
			isa = XCBuildConfiguration;
			baseConfigurationReference = 1C3656E4F01B497871715BCF /* Pods-Instagram.release.xcconfig */;
			buildSettings = {
				ASSETCATALOG_COMPILER_APPICON_NAME = AppIcon;
				CODE_SIGN_STYLE = Automatic;
				DEVELOPMENT_TEAM = 786NDH46LQ;
				INFOPLIST_FILE = Instagram/Info.plist;
				LD_RUNPATH_SEARCH_PATHS = (
					"$(inherited)",
					"@executable_path/Frameworks",
				);
				PRODUCT_BUNDLE_IDENTIFIER = com.alice.myInstagram;
				PRODUCT_NAME = "$(TARGET_NAME)";
				TARGETED_DEVICE_FAMILY = "1,2";
			};
			name = Release;
		};
		1E9018E520F40C850097E689 /* Debug */ = {
			isa = XCBuildConfiguration;
			baseConfigurationReference = 7D975CA3E960D541AA2E2857 /* Pods-InstagramTests.debug.xcconfig */;
			buildSettings = {
				BUNDLE_LOADER = "$(TEST_HOST)";
				CODE_SIGN_STYLE = Automatic;
				DEVELOPMENT_TEAM = 786NDH46LQ;
				INFOPLIST_FILE = InstagramTests/Info.plist;
				LD_RUNPATH_SEARCH_PATHS = (
					"$(inherited)",
					"@executable_path/Frameworks",
					"@loader_path/Frameworks",
				);
				PRODUCT_BUNDLE_IDENTIFIER = com.alice.InstagramTests;
				PRODUCT_NAME = "$(TARGET_NAME)";
				TARGETED_DEVICE_FAMILY = "1,2";
				TEST_HOST = "$(BUILT_PRODUCTS_DIR)/Instagram.app/Instagram";
			};
			name = Debug;
		};
		1E9018E620F40C850097E689 /* Release */ = {
			isa = XCBuildConfiguration;
			baseConfigurationReference = 737A7A45753C84025C5565C0 /* Pods-InstagramTests.release.xcconfig */;
			buildSettings = {
				BUNDLE_LOADER = "$(TEST_HOST)";
				CODE_SIGN_STYLE = Automatic;
				DEVELOPMENT_TEAM = 786NDH46LQ;
				INFOPLIST_FILE = InstagramTests/Info.plist;
				LD_RUNPATH_SEARCH_PATHS = (
					"$(inherited)",
					"@executable_path/Frameworks",
					"@loader_path/Frameworks",
				);
				PRODUCT_BUNDLE_IDENTIFIER = com.alice.InstagramTests;
				PRODUCT_NAME = "$(TARGET_NAME)";
				TARGETED_DEVICE_FAMILY = "1,2";
				TEST_HOST = "$(BUILT_PRODUCTS_DIR)/Instagram.app/Instagram";
			};
			name = Release;
		};
		1E9018E820F40C850097E689 /* Debug */ = {
			isa = XCBuildConfiguration;
			baseConfigurationReference = 9414108F045A8B811A5D363B /* Pods-InstagramUITests.debug.xcconfig */;
			buildSettings = {
				CODE_SIGN_STYLE = Automatic;
				DEVELOPMENT_TEAM = 786NDH46LQ;
				INFOPLIST_FILE = InstagramUITests/Info.plist;
				LD_RUNPATH_SEARCH_PATHS = (
					"$(inherited)",
					"@executable_path/Frameworks",
					"@loader_path/Frameworks",
				);
				PRODUCT_BUNDLE_IDENTIFIER = com.alice.InstagramUITests;
				PRODUCT_NAME = "$(TARGET_NAME)";
				TARGETED_DEVICE_FAMILY = "1,2";
				TEST_TARGET_NAME = Instagram;
			};
			name = Debug;
		};
		1E9018E920F40C850097E689 /* Release */ = {
			isa = XCBuildConfiguration;
			baseConfigurationReference = F20FABE46A9FCFC4973A3A80 /* Pods-InstagramUITests.release.xcconfig */;
			buildSettings = {
				CODE_SIGN_STYLE = Automatic;
				DEVELOPMENT_TEAM = 786NDH46LQ;
				INFOPLIST_FILE = InstagramUITests/Info.plist;
				LD_RUNPATH_SEARCH_PATHS = (
					"$(inherited)",
					"@executable_path/Frameworks",
					"@loader_path/Frameworks",
				);
				PRODUCT_BUNDLE_IDENTIFIER = com.alice.InstagramUITests;
				PRODUCT_NAME = "$(TARGET_NAME)";
				TARGETED_DEVICE_FAMILY = "1,2";
				TEST_TARGET_NAME = Instagram;
			};
			name = Release;
		};
/* End XCBuildConfiguration section */

/* Begin XCConfigurationList section */
		1E9018B020F40C840097E689 /* Build configuration list for PBXProject "Instagram" */ = {
			isa = XCConfigurationList;
			buildConfigurations = (
				1E9018DF20F40C850097E689 /* Debug */,
				1E9018E020F40C850097E689 /* Release */,
			);
			defaultConfigurationIsVisible = 0;
			defaultConfigurationName = Release;
		};
		1E9018E120F40C850097E689 /* Build configuration list for PBXNativeTarget "Instagram" */ = {
			isa = XCConfigurationList;
			buildConfigurations = (
				1E9018E220F40C850097E689 /* Debug */,
				1E9018E320F40C850097E689 /* Release */,
			);
			defaultConfigurationIsVisible = 0;
			defaultConfigurationName = Release;
		};
		1E9018E420F40C850097E689 /* Build configuration list for PBXNativeTarget "InstagramTests" */ = {
			isa = XCConfigurationList;
			buildConfigurations = (
				1E9018E520F40C850097E689 /* Debug */,
				1E9018E620F40C850097E689 /* Release */,
			);
			defaultConfigurationIsVisible = 0;
			defaultConfigurationName = Release;
		};
		1E9018E720F40C850097E689 /* Build configuration list for PBXNativeTarget "InstagramUITests" */ = {
			isa = XCConfigurationList;
			buildConfigurations = (
				1E9018E820F40C850097E689 /* Debug */,
				1E9018E920F40C850097E689 /* Release */,
			);
			defaultConfigurationIsVisible = 0;
			defaultConfigurationName = Release;
		};
/* End XCConfigurationList section */
	};
	rootObject = 1E9018AD20F40C840097E689 /* Project object */;
}
